// !$*UTF8*$!
{
	archiveVersion = 1;
	classes = {
	};
	objectVersion = 55;
	objects = {

/* Begin PBXBuildFile section */
		B239057D2A671C600005EF66 /* Utilities.swift in Sources */ = {isa = PBXBuildFile; fileRef = B239057C2A671C600005EF66 /* Utilities.swift */; };
		B23DBDDB2A62DCC9001F5447 /* WeatherModel.swift in Sources */ = {isa = PBXBuildFile; fileRef = B23DBDDA2A62DCC9001F5447 /* WeatherModel.swift */; };
		B2D84D722A633E5C002B1B22 /* ForecastTableViewCell.swift in Sources */ = {isa = PBXBuildFile; fileRef = B2D84D712A633E5C002B1B22 /* ForecastTableViewCell.swift */; };
		B2E2BFA72A64876400CCAD7F /* DayDetailViewController.swift in Sources */ = {isa = PBXBuildFile; fileRef = B2E2BFA62A64876400CCAD7F /* DayDetailViewController.swift */; };
		B2E2BFA92A65B61800CCAD7F /* HourForecastTableViewCell.swift in Sources */ = {isa = PBXBuildFile; fileRef = B2E2BFA82A65B61800CCAD7F /* HourForecastTableViewCell.swift */; };
		B2F71F472A6295360094DE85 /* AppDelegate.swift in Sources */ = {isa = PBXBuildFile; fileRef = B2F71F462A6295360094DE85 /* AppDelegate.swift */; };
		B2F71F492A6295360094DE85 /* SceneDelegate.swift in Sources */ = {isa = PBXBuildFile; fileRef = B2F71F482A6295360094DE85 /* SceneDelegate.swift */; };
		B2F71F4B2A6295360094DE85 /* ForecastViewController.swift in Sources */ = {isa = PBXBuildFile; fileRef = B2F71F4A2A6295360094DE85 /* ForecastViewController.swift */; };
		B2F71F4E2A6295360094DE85 /* Main.storyboard in Resources */ = {isa = PBXBuildFile; fileRef = B2F71F4C2A6295360094DE85 /* Main.storyboard */; };
		B2F71F502A62953D0094DE85 /* Assets.xcassets in Resources */ = {isa = PBXBuildFile; fileRef = B2F71F4F2A62953D0094DE85 /* Assets.xcassets */; };
		B2F71F532A62953D0094DE85 /* LaunchScreen.storyboard in Resources */ = {isa = PBXBuildFile; fileRef = B2F71F512A62953D0094DE85 /* LaunchScreen.storyboard */; };
		B2F71F5E2A62953D0094DE85 /* WeatherAppTests.swift in Sources */ = {isa = PBXBuildFile; fileRef = B2F71F5D2A62953D0094DE85 /* WeatherAppTests.swift */; };
		B2F71F682A62953D0094DE85 /* WeatherAppUITests.swift in Sources */ = {isa = PBXBuildFile; fileRef = B2F71F672A62953D0094DE85 /* WeatherAppUITests.swift */; };
		B2F71F6A2A62953D0094DE85 /* WeatherAppUITestsLaunchTests.swift in Sources */ = {isa = PBXBuildFile; fileRef = B2F71F692A62953D0094DE85 /* WeatherAppUITestsLaunchTests.swift */; };
		B2F71F772A6295D20094DE85 /* WeatherManager.swift in Sources */ = {isa = PBXBuildFile; fileRef = B2F71F762A6295D20094DE85 /* WeatherManager.swift */; };
		B2F71F7A2A629AAA0094DE85 /* Weather.swift in Sources */ = {isa = PBXBuildFile; fileRef = B2F71F792A629AAA0094DE85 /* Weather.swift */; };
/* End PBXBuildFile section */

/* Begin PBXContainerItemProxy section */
		B2F71F5A2A62953D0094DE85 /* PBXContainerItemProxy */ = {
			isa = PBXContainerItemProxy;
			containerPortal = B2F71F3B2A6295360094DE85 /* Project object */;
			proxyType = 1;
			remoteGlobalIDString = B2F71F422A6295360094DE85;
			remoteInfo = WeatherApp;
		};
		B2F71F642A62953D0094DE85 /* PBXContainerItemProxy */ = {
			isa = PBXContainerItemProxy;
			containerPortal = B2F71F3B2A6295360094DE85 /* Project object */;
			proxyType = 1;
			remoteGlobalIDString = B2F71F422A6295360094DE85;
			remoteInfo = WeatherApp;
		};
/* End PBXContainerItemProxy section */

/* Begin PBXFileReference section */
		B239057C2A671C600005EF66 /* Utilities.swift */ = {isa = PBXFileReference; lastKnownFileType = sourcecode.swift; path = Utilities.swift; sourceTree = "<group>"; };
		B23DBDDA2A62DCC9001F5447 /* WeatherModel.swift */ = {isa = PBXFileReference; lastKnownFileType = sourcecode.swift; path = WeatherModel.swift; sourceTree = "<group>"; };
		B2D84D712A633E5C002B1B22 /* ForecastTableViewCell.swift */ = {isa = PBXFileReference; lastKnownFileType = sourcecode.swift; path = ForecastTableViewCell.swift; sourceTree = "<group>"; };
		B2E2BFA62A64876400CCAD7F /* DayDetailViewController.swift */ = {isa = PBXFileReference; lastKnownFileType = sourcecode.swift; path = DayDetailViewController.swift; sourceTree = "<group>"; };
		B2E2BFA82A65B61800CCAD7F /* HourForecastTableViewCell.swift */ = {isa = PBXFileReference; lastKnownFileType = sourcecode.swift; path = HourForecastTableViewCell.swift; sourceTree = "<group>"; };
		B2F71F432A6295360094DE85 /* WeatherApp.app */ = {isa = PBXFileReference; explicitFileType = wrapper.application; includeInIndex = 0; path = WeatherApp.app; sourceTree = BUILT_PRODUCTS_DIR; };
		B2F71F462A6295360094DE85 /* AppDelegate.swift */ = {isa = PBXFileReference; lastKnownFileType = sourcecode.swift; path = AppDelegate.swift; sourceTree = "<group>"; };
		B2F71F482A6295360094DE85 /* SceneDelegate.swift */ = {isa = PBXFileReference; lastKnownFileType = sourcecode.swift; path = SceneDelegate.swift; sourceTree = "<group>"; };
		B2F71F4A2A6295360094DE85 /* ForecastViewController.swift */ = {isa = PBXFileReference; lastKnownFileType = sourcecode.swift; path = ForecastViewController.swift; sourceTree = "<group>"; };
		B2F71F4D2A6295360094DE85 /* Base */ = {isa = PBXFileReference; lastKnownFileType = file.storyboard; name = Base; path = Base.lproj/Main.storyboard; sourceTree = "<group>"; };
		B2F71F4F2A62953D0094DE85 /* Assets.xcassets */ = {isa = PBXFileReference; lastKnownFileType = folder.assetcatalog; path = Assets.xcassets; sourceTree = "<group>"; };
		B2F71F522A62953D0094DE85 /* Base */ = {isa = PBXFileReference; lastKnownFileType = file.storyboard; name = Base; path = Base.lproj/LaunchScreen.storyboard; sourceTree = "<group>"; };
		B2F71F542A62953D0094DE85 /* Info.plist */ = {isa = PBXFileReference; lastKnownFileType = text.plist.xml; path = Info.plist; sourceTree = "<group>"; };
		B2F71F592A62953D0094DE85 /* WeatherAppTests.xctest */ = {isa = PBXFileReference; explicitFileType = wrapper.cfbundle; includeInIndex = 0; path = WeatherAppTests.xctest; sourceTree = BUILT_PRODUCTS_DIR; };
		B2F71F5D2A62953D0094DE85 /* WeatherAppTests.swift */ = {isa = PBXFileReference; lastKnownFileType = sourcecode.swift; path = WeatherAppTests.swift; sourceTree = "<group>"; };
		B2F71F632A62953D0094DE85 /* WeatherAppUITests.xctest */ = {isa = PBXFileReference; explicitFileType = wrapper.cfbundle; includeInIndex = 0; path = WeatherAppUITests.xctest; sourceTree = BUILT_PRODUCTS_DIR; };
		B2F71F672A62953D0094DE85 /* WeatherAppUITests.swift */ = {isa = PBXFileReference; lastKnownFileType = sourcecode.swift; path = WeatherAppUITests.swift; sourceTree = "<group>"; };
		B2F71F692A62953D0094DE85 /* WeatherAppUITestsLaunchTests.swift */ = {isa = PBXFileReference; lastKnownFileType = sourcecode.swift; path = WeatherAppUITestsLaunchTests.swift; sourceTree = "<group>"; };
		B2F71F762A6295D20094DE85 /* WeatherManager.swift */ = {isa = PBXFileReference; lastKnownFileType = sourcecode.swift; path = WeatherManager.swift; sourceTree = "<group>"; };
		B2F71F792A629AAA0094DE85 /* Weather.swift */ = {isa = PBXFileReference; lastKnownFileType = sourcecode.swift; path = Weather.swift; sourceTree = "<group>"; };
/* End PBXFileReference section */

/* Begin PBXFrameworksBuildPhase section */
		B2F71F402A6295360094DE85 /* Frameworks */ = {
			isa = PBXFrameworksBuildPhase;
			buildActionMask = 2147483647;
			files = (
			);
			runOnlyForDeploymentPostprocessing = 0;
		};
		B2F71F562A62953D0094DE85 /* Frameworks */ = {
			isa = PBXFrameworksBuildPhase;
			buildActionMask = 2147483647;
			files = (
			);
			runOnlyForDeploymentPostprocessing = 0;
		};
		B2F71F602A62953D0094DE85 /* Frameworks */ = {
			isa = PBXFrameworksBuildPhase;
			buildActionMask = 2147483647;
			files = (
			);
			runOnlyForDeploymentPostprocessing = 0;
		};
/* End PBXFrameworksBuildPhase section */

/* Begin PBXGroup section */
		B2D84D6B2A630F91002B1B22 /* Views */ = {
			isa = PBXGroup;
			children = (
				B2F71F4C2A6295360094DE85 /* Main.storyboard */,
				B2F71F512A62953D0094DE85 /* LaunchScreen.storyboard */,
			);
			path = Views;
			sourceTree = "<group>";
		};
		B2D84D6C2A630F97002B1B22 /* Controllers */ = {
			isa = PBXGroup;
			children = (
				B2F71F4A2A6295360094DE85 /* ForecastViewController.swift */,
				B2D84D712A633E5C002B1B22 /* ForecastTableViewCell.swift */,
				B2E2BFA62A64876400CCAD7F /* DayDetailViewController.swift */,
				B2E2BFA82A65B61800CCAD7F /* HourForecastTableViewCell.swift */,
			);
			path = Controllers;
			sourceTree = "<group>";
		};
		B2F71F3A2A6295360094DE85 = {
			isa = PBXGroup;
			children = (
				B2F71F452A6295360094DE85 /* WeatherApp */,
				B2F71F5C2A62953D0094DE85 /* WeatherAppTests */,
				B2F71F662A62953D0094DE85 /* WeatherAppUITests */,
				B2F71F442A6295360094DE85 /* Products */,
			);
			sourceTree = "<group>";
		};
		B2F71F442A6295360094DE85 /* Products */ = {
			isa = PBXGroup;
			children = (
				B2F71F432A6295360094DE85 /* WeatherApp.app */,
				B2F71F592A62953D0094DE85 /* WeatherAppTests.xctest */,
				B2F71F632A62953D0094DE85 /* WeatherAppUITests.xctest */,
			);
			name = Products;
			sourceTree = "<group>";
		};
		B2F71F452A6295360094DE85 /* WeatherApp */ = {
			isa = PBXGroup;
			children = (
				B2F71F462A6295360094DE85 /* AppDelegate.swift */,
				B2F71F482A6295360094DE85 /* SceneDelegate.swift */,
				B2F71F782A629A480094DE85 /* Model */,
				B2D84D6B2A630F91002B1B22 /* Views */,
				B2D84D6C2A630F97002B1B22 /* Controllers */,
				B2F71F4F2A62953D0094DE85 /* Assets.xcassets */,
				B2F71F542A62953D0094DE85 /* Info.plist */,
			);
			path = WeatherApp;
			sourceTree = "<group>";
		};
		B2F71F5C2A62953D0094DE85 /* WeatherAppTests */ = {
			isa = PBXGroup;
			children = (
				B2F71F5D2A62953D0094DE85 /* WeatherAppTests.swift */,
			);
			path = WeatherAppTests;
			sourceTree = "<group>";
		};
		B2F71F662A62953D0094DE85 /* WeatherAppUITests */ = {
			isa = PBXGroup;
			children = (
				B2F71F672A62953D0094DE85 /* WeatherAppUITests.swift */,
				B2F71F692A62953D0094DE85 /* WeatherAppUITestsLaunchTests.swift */,
			);
			path = WeatherAppUITests;
			sourceTree = "<group>";
		};
		B2F71F782A629A480094DE85 /* Model */ = {
			isa = PBXGroup;
			children = (
				B2F71F762A6295D20094DE85 /* WeatherManager.swift */,
				B2F71F792A629AAA0094DE85 /* Weather.swift */,
				B23DBDDA2A62DCC9001F5447 /* WeatherModel.swift */,
				B239057C2A671C600005EF66 /* Utilities.swift */,
			);
			path = Model;
			sourceTree = "<group>";
		};
/* End PBXGroup section */

/* Begin PBXNativeTarget section */
		B2F71F422A6295360094DE85 /* WeatherApp */ = {
			isa = PBXNativeTarget;
			buildConfigurationList = B2F71F6D2A62953D0094DE85 /* Build configuration list for PBXNativeTarget "WeatherApp" */;
			buildPhases = (
				B2F71F3F2A6295360094DE85 /* Sources */,
				B2F71F402A6295360094DE85 /* Frameworks */,
				B2F71F412A6295360094DE85 /* Resources */,
			);
			buildRules = (
			);
			dependencies = (
			);
			name = WeatherApp;
			productName = WeatherApp;
			productReference = B2F71F432A6295360094DE85 /* WeatherApp.app */;
			productType = "com.apple.product-type.application";
		};
		B2F71F582A62953D0094DE85 /* WeatherAppTests */ = {
			isa = PBXNativeTarget;
			buildConfigurationList = B2F71F702A62953D0094DE85 /* Build configuration list for PBXNativeTarget "WeatherAppTests" */;
			buildPhases = (
				B2F71F552A62953D0094DE85 /* Sources */,
				B2F71F562A62953D0094DE85 /* Frameworks */,
				B2F71F572A62953D0094DE85 /* Resources */,
			);
			buildRules = (
			);
			dependencies = (
				B2F71F5B2A62953D0094DE85 /* PBXTargetDependency */,
			);
			name = WeatherAppTests;
			productName = WeatherAppTests;
			productReference = B2F71F592A62953D0094DE85 /* WeatherAppTests.xctest */;
			productType = "com.apple.product-type.bundle.unit-test";
		};
		B2F71F622A62953D0094DE85 /* WeatherAppUITests */ = {
			isa = PBXNativeTarget;
			buildConfigurationList = B2F71F732A62953D0094DE85 /* Build configuration list for PBXNativeTarget "WeatherAppUITests" */;
			buildPhases = (
				B2F71F5F2A62953D0094DE85 /* Sources */,
				B2F71F602A62953D0094DE85 /* Frameworks */,
				B2F71F612A62953D0094DE85 /* Resources */,
			);
			buildRules = (
			);
			dependencies = (
				B2F71F652A62953D0094DE85 /* PBXTargetDependency */,
			);
			name = WeatherAppUITests;
			productName = WeatherAppUITests;
			productReference = B2F71F632A62953D0094DE85 /* WeatherAppUITests.xctest */;
			productType = "com.apple.product-type.bundle.ui-testing";
		};
/* End PBXNativeTarget section */

/* Begin PBXProject section */
		B2F71F3B2A6295360094DE85 /* Project object */ = {
			isa = PBXProject;
			attributes = {
				BuildIndependentTargetsInParallel = 1;
				LastSwiftUpdateCheck = 1340;
				LastUpgradeCheck = 1340;
				TargetAttributes = {
					B2F71F422A6295360094DE85 = {
						CreatedOnToolsVersion = 13.4.1;
					};
					B2F71F582A62953D0094DE85 = {
						CreatedOnToolsVersion = 13.4.1;
						TestTargetID = B2F71F422A6295360094DE85;
					};
					B2F71F622A62953D0094DE85 = {
						CreatedOnToolsVersion = 13.4.1;
						TestTargetID = B2F71F422A6295360094DE85;
					};
				};
			};
			buildConfigurationList = B2F71F3E2A6295360094DE85 /* Build configuration list for PBXProject "WeatherApp" */;
			compatibilityVersion = "Xcode 13.0";
			developmentRegion = en;
			hasScannedForEncodings = 0;
			knownRegions = (
				en,
				Base,
			);
			mainGroup = B2F71F3A2A6295360094DE85;
			productRefGroup = B2F71F442A6295360094DE85 /* Products */;
			projectDirPath = "";
			projectRoot = "";
			targets = (
				B2F71F422A6295360094DE85 /* WeatherApp */,
				B2F71F582A62953D0094DE85 /* WeatherAppTests */,
				B2F71F622A62953D0094DE85 /* WeatherAppUITests */,
			);
		};
/* End PBXProject section */

/* Begin PBXResourcesBuildPhase section */
		B2F71F412A6295360094DE85 /* Resources */ = {
			isa = PBXResourcesBuildPhase;
			buildActionMask = 2147483647;
			files = (
				B2F71F532A62953D0094DE85 /* LaunchScreen.storyboard in Resources */,
				B2F71F502A62953D0094DE85 /* Assets.xcassets in Resources */,
				B2F71F4E2A6295360094DE85 /* Main.storyboard in Resources */,
			);
			runOnlyForDeploymentPostprocessing = 0;
		};
		B2F71F572A62953D0094DE85 /* Resources */ = {
			isa = PBXResourcesBuildPhase;
			buildActionMask = 2147483647;
			files = (
			);
			runOnlyForDeploymentPostprocessing = 0;
		};
		B2F71F612A62953D0094DE85 /* Resources */ = {
			isa = PBXResourcesBuildPhase;
			buildActionMask = 2147483647;
			files = (
			);
			runOnlyForDeploymentPostprocessing = 0;
		};
/* End PBXResourcesBuildPhase section */

/* Begin PBXSourcesBuildPhase section */
		B2F71F3F2A6295360094DE85 /* Sources */ = {
			isa = PBXSourcesBuildPhase;
			buildActionMask = 2147483647;
			files = (
				B2E2BFA72A64876400CCAD7F /* DayDetailViewController.swift in Sources */,
				B2F71F4B2A6295360094DE85 /* ForecastViewController.swift in Sources */,
				B239057D2A671C600005EF66 /* Utilities.swift in Sources */,
				B2F71F472A6295360094DE85 /* AppDelegate.swift in Sources */,
				B2D84D722A633E5C002B1B22 /* ForecastTableViewCell.swift in Sources */,
				B2F71F772A6295D20094DE85 /* WeatherManager.swift in Sources */,
				B2F71F492A6295360094DE85 /* SceneDelegate.swift in Sources */,
				B23DBDDB2A62DCC9001F5447 /* WeatherModel.swift in Sources */,
				B2F71F7A2A629AAA0094DE85 /* Weather.swift in Sources */,
				B2E2BFA92A65B61800CCAD7F /* HourForecastTableViewCell.swift in Sources */,
			);
			runOnlyForDeploymentPostprocessing = 0;
		};
		B2F71F552A62953D0094DE85 /* Sources */ = {
			isa = PBXSourcesBuildPhase;
			buildActionMask = 2147483647;
			files = (
				B2F71F5E2A62953D0094DE85 /* WeatherAppTests.swift in Sources */,
			);
			runOnlyForDeploymentPostprocessing = 0;
		};
		B2F71F5F2A62953D0094DE85 /* Sources */ = {
			isa = PBXSourcesBuildPhase;
			buildActionMask = 2147483647;
			files = (
				B2F71F682A62953D0094DE85 /* WeatherAppUITests.swift in Sources */,
				B2F71F6A2A62953D0094DE85 /* WeatherAppUITestsLaunchTests.swift in Sources */,
			);
			runOnlyForDeploymentPostprocessing = 0;
		};
/* End PBXSourcesBuildPhase section */

/* Begin PBXTargetDependency section */
		B2F71F5B2A62953D0094DE85 /* PBXTargetDependency */ = {
			isa = PBXTargetDependency;
			target = B2F71F422A6295360094DE85 /* WeatherApp */;
			targetProxy = B2F71F5A2A62953D0094DE85 /* PBXContainerItemProxy */;
		};
		B2F71F652A62953D0094DE85 /* PBXTargetDependency */ = {
			isa = PBXTargetDependency;
			target = B2F71F422A6295360094DE85 /* WeatherApp */;
			targetProxy = B2F71F642A62953D0094DE85 /* PBXContainerItemProxy */;
		};
/* End PBXTargetDependency section */

/* Begin PBXVariantGroup section */
		B2F71F4C2A6295360094DE85 /* Main.storyboard */ = {
			isa = PBXVariantGroup;
			children = (
				B2F71F4D2A6295360094DE85 /* Base */,
			);
			name = Main.storyboard;
			sourceTree = "<group>";
		};
		B2F71F512A62953D0094DE85 /* LaunchScreen.storyboard */ = {
			isa = PBXVariantGroup;
			children = (
				B2F71F522A62953D0094DE85 /* Base */,
			);
			name = LaunchScreen.storyboard;
			sourceTree = "<group>";
		};
/* End PBXVariantGroup section */

/* Begin XCBuildConfiguration section */
		B2F71F6B2A62953D0094DE85 /* Debug */ = {
			isa = XCBuildConfiguration;
			buildSettings = {
				ALWAYS_SEARCH_USER_PATHS = NO;
				CLANG_ANALYZER_NONNULL = YES;
				CLANG_ANALYZER_NUMBER_OBJECT_CONVERSION = YES_AGGRESSIVE;
				CLANG_CXX_LANGUAGE_STANDARD = "gnu++17";
				CLANG_ENABLE_MODULES = YES;
				CLANG_ENABLE_OBJC_ARC = YES;
				CLANG_ENABLE_OBJC_WEAK = YES;
				CLANG_WARN_BLOCK_CAPTURE_AUTORELEASING = YES;
				CLANG_WARN_BOOL_CONVERSION = YES;
				CLANG_WARN_COMMA = YES;
				CLANG_WARN_CONSTANT_CONVERSION = YES;
				CLANG_WARN_DEPRECATED_OBJC_IMPLEMENTATIONS = YES;
				CLANG_WARN_DIRECT_OBJC_ISA_USAGE = YES_ERROR;
				CLANG_WARN_DOCUMENTATION_COMMENTS = YES;
				CLANG_WARN_EMPTY_BODY = YES;
				CLANG_WARN_ENUM_CONVERSION = YES;
				CLANG_WARN_INFINITE_RECURSION = YES;
				CLANG_WARN_INT_CONVERSION = YES;
				CLANG_WARN_NON_LITERAL_NULL_CONVERSION = YES;
				CLANG_WARN_OBJC_IMPLICIT_RETAIN_SELF = YES;
				CLANG_WARN_OBJC_LITERAL_CONVERSION = YES;
				CLANG_WARN_OBJC_ROOT_CLASS = YES_ERROR;
				CLANG_WARN_QUOTED_INCLUDE_IN_FRAMEWORK_HEADER = YES;
				CLANG_WARN_RANGE_LOOP_ANALYSIS = YES;
				CLANG_WARN_STRICT_PROTOTYPES = YES;
				CLANG_WARN_SUSPICIOUS_MOVE = YES;
				CLANG_WARN_UNGUARDED_AVAILABILITY = YES_AGGRESSIVE;
				CLANG_WARN_UNREACHABLE_CODE = YES;
				CLANG_WARN__DUPLICATE_METHOD_MATCH = YES;
				COPY_PHASE_STRIP = NO;
				DEBUG_INFORMATION_FORMAT = dwarf;
				ENABLE_STRICT_OBJC_MSGSEND = YES;
				ENABLE_TESTABILITY = YES;
				GCC_C_LANGUAGE_STANDARD = gnu11;
				GCC_DYNAMIC_NO_PIC = NO;
				GCC_NO_COMMON_BLOCKS = YES;
				GCC_OPTIMIZATION_LEVEL = 0;
				GCC_PREPROCESSOR_DEFINITIONS = (
					"DEBUG=1",
					"$(inherited)",
				);
				GCC_WARN_64_TO_32_BIT_CONVERSION = YES;
				GCC_WARN_ABOUT_RETURN_TYPE = YES_ERROR;
				GCC_WARN_UNDECLARED_SELECTOR = YES;
				GCC_WARN_UNINITIALIZED_AUTOS = YES_AGGRESSIVE;
				GCC_WARN_UNUSED_FUNCTION = YES;
				GCC_WARN_UNUSED_VARIABLE = YES;
				IPHONEOS_DEPLOYMENT_TARGET = 15.5;
				MTL_ENABLE_DEBUG_INFO = INCLUDE_SOURCE;
				MTL_FAST_MATH = YES;
				ONLY_ACTIVE_ARCH = YES;
				SDKROOT = iphoneos;
				SWIFT_ACTIVE_COMPILATION_CONDITIONS = DEBUG;
				SWIFT_OPTIMIZATION_LEVEL = "-Onone";
			};
			name = Debug;
		};
		B2F71F6C2A62953D0094DE85 /* Release */ = {
			isa = XCBuildConfiguration;
			buildSettings = {
				ALWAYS_SEARCH_USER_PATHS = NO;
				CLANG_ANALYZER_NONNULL = YES;
				CLANG_ANALYZER_NUMBER_OBJECT_CONVERSION = YES_AGGRESSIVE;
				CLANG_CXX_LANGUAGE_STANDARD = "gnu++17";
				CLANG_ENABLE_MODULES = YES;
				CLANG_ENABLE_OBJC_ARC = YES;
				CLANG_ENABLE_OBJC_WEAK = YES;
				CLANG_WARN_BLOCK_CAPTURE_AUTORELEASING = YES;
				CLANG_WARN_BOOL_CONVERSION = YES;
				CLANG_WARN_COMMA = YES;
				CLANG_WARN_CONSTANT_CONVERSION = YES;
				CLANG_WARN_DEPRECATED_OBJC_IMPLEMENTATIONS = YES;
				CLANG_WARN_DIRECT_OBJC_ISA_USAGE = YES_ERROR;
				CLANG_WARN_DOCUMENTATION_COMMENTS = YES;
				CLANG_WARN_EMPTY_BODY = YES;
				CLANG_WARN_ENUM_CONVERSION = YES;
				CLANG_WARN_INFINITE_RECURSION = YES;
				CLANG_WARN_INT_CONVERSION = YES;
				CLANG_WARN_NON_LITERAL_NULL_CONVERSION = YES;
				CLANG_WARN_OBJC_IMPLICIT_RETAIN_SELF = YES;
				CLANG_WARN_OBJC_LITERAL_CONVERSION = YES;
				CLANG_WARN_OBJC_ROOT_CLASS = YES_ERROR;
				CLANG_WARN_QUOTED_INCLUDE_IN_FRAMEWORK_HEADER = YES;
				CLANG_WARN_RANGE_LOOP_ANALYSIS = YES;
				CLANG_WARN_STRICT_PROTOTYPES = YES;
				CLANG_WARN_SUSPICIOUS_MOVE = YES;
				CLANG_WARN_UNGUARDED_AVAILABILITY = YES_AGGRESSIVE;
				CLANG_WARN_UNREACHABLE_CODE = YES;
				CLANG_WARN__DUPLICATE_METHOD_MATCH = YES;
				COPY_PHASE_STRIP = NO;
				DEBUG_INFORMATION_FORMAT = "dwarf-with-dsym";
				ENABLE_NS_ASSERTIONS = NO;
				ENABLE_STRICT_OBJC_MSGSEND = YES;
				GCC_C_LANGUAGE_STANDARD = gnu11;
				GCC_NO_COMMON_BLOCKS = YES;
				GCC_WARN_64_TO_32_BIT_CONVERSION = YES;
				GCC_WARN_ABOUT_RETURN_TYPE = YES_ERROR;
				GCC_WARN_UNDECLARED_SELECTOR = YES;
				GCC_WARN_UNINITIALIZED_AUTOS = YES_AGGRESSIVE;
				GCC_WARN_UNUSED_FUNCTION = YES;
				GCC_WARN_UNUSED_VARIABLE = YES;
				IPHONEOS_DEPLOYMENT_TARGET = 15.5;
				MTL_ENABLE_DEBUG_INFO = NO;
				MTL_FAST_MATH = YES;
				SDKROOT = iphoneos;
				SWIFT_COMPILATION_MODE = wholemodule;
				SWIFT_OPTIMIZATION_LEVEL = "-O";
				VALIDATE_PRODUCT = YES;
			};
			name = Release;
		};
		B2F71F6E2A62953D0094DE85 /* Debug */ = {
			isa = XCBuildConfiguration;
			buildSettings = {
				ASSETCATALOG_COMPILER_APPICON_NAME = AppIcon;
				ASSETCATALOG_COMPILER_GLOBAL_ACCENT_COLOR_NAME = AccentColor;
				CODE_SIGN_STYLE = Automatic;
				CURRENT_PROJECT_VERSION = 1;
				GENERATE_INFOPLIST_FILE = YES;
				INFOPLIST_FILE = WeatherApp/Info.plist;
				INFOPLIST_KEY_UIApplicationSupportsIndirectInputEvents = YES;
				INFOPLIST_KEY_UILaunchStoryboardName = LaunchScreen;
				INFOPLIST_KEY_UIMainStoryboardFile = Main;
				INFOPLIST_KEY_UISupportedInterfaceOrientations = UIInterfaceOrientationPortrait;
				INFOPLIST_KEY_UISupportedInterfaceOrientations_iPad = "UIInterfaceOrientationPortrait UIInterfaceOrientationPortraitUpsideDown UIInterfaceOrientationLandscapeLeft UIInterfaceOrientationLandscapeRight";
				INFOPLIST_KEY_UISupportedInterfaceOrientations_iPhone = "UIInterfaceOrientationPortrait UIInterfaceOrientationLandscapeLeft UIInterfaceOrientationLandscapeRight";
				LD_RUNPATH_SEARCH_PATHS = (
					"$(inherited)",
					"@executable_path/Frameworks",
				);
				MARKETING_VERSION = 1.0;
				PRODUCT_BUNDLE_IDENTIFIER = com.BenLapidge.WeatherApp;
				PRODUCT_NAME = "$(TARGET_NAME)";
				SWIFT_EMIT_LOC_STRINGS = YES;
				SWIFT_VERSION = 5.0;
				TARGETED_DEVICE_FAMILY = "1,2";
			};
			name = Debug;
		};
		B2F71F6F2A62953D0094DE85 /* Release */ = {
			isa = XCBuildConfiguration;
			buildSettings = {
				ASSETCATALOG_COMPILER_APPICON_NAME = AppIcon;
				ASSETCATALOG_COMPILER_GLOBAL_ACCENT_COLOR_NAME = AccentColor;
				CODE_SIGN_STYLE = Automatic;
				CURRENT_PROJECT_VERSION = 1;
				GENERATE_INFOPLIST_FILE = YES;
				INFOPLIST_FILE = WeatherApp/Info.plist;
				INFOPLIST_KEY_UIApplicationSupportsIndirectInputEvents = YES;
				INFOPLIST_KEY_UILaunchStoryboardName = LaunchScreen;
				INFOPLIST_KEY_UIMainStoryboardFile = Main;
				INFOPLIST_KEY_UISupportedInterfaceOrientations = UIInterfaceOrientationPortrait;
				INFOPLIST_KEY_UISupportedInterfaceOrientations_iPad = "UIInterfaceOrientationPortrait UIInterfaceOrientationPortraitUpsideDown UIInterfaceOrientationLandscapeLeft UIInterfaceOrientationLandscapeRight";
				INFOPLIST_KEY_UISupportedInterfaceOrientations_iPhone = "UIInterfaceOrientationPortrait UIInterfaceOrientationLandscapeLeft UIInterfaceOrientationLandscapeRight";
				LD_RUNPATH_SEARCH_PATHS = (
					"$(inherited)",
					"@executable_path/Frameworks",
				);
				MARKETING_VERSION = 1.0;
				PRODUCT_BUNDLE_IDENTIFIER = com.BenLapidge.WeatherApp;
				PRODUCT_NAME = "$(TARGET_NAME)";
				SWIFT_EMIT_LOC_STRINGS = YES;
				SWIFT_VERSION = 5.0;
				TARGETED_DEVICE_FAMILY = "1,2";
			};
			name = Release;
		};
		B2F71F712A62953D0094DE85 /* Debug */ = {
			isa = XCBuildConfiguration;
			buildSettings = {
				ALWAYS_EMBED_SWIFT_STANDARD_LIBRARIES = YES;
				BUNDLE_LOADER = "$(TEST_HOST)";
				CODE_SIGN_STYLE = Automatic;
				CURRENT_PROJECT_VERSION = 1;
				GENERATE_INFOPLIST_FILE = YES;
				IPHONEOS_DEPLOYMENT_TARGET = 15.5;
				MARKETING_VERSION = 1.0;
				PRODUCT_BUNDLE_IDENTIFIER = com.BenLapidge.WeatherAppTests;
				PRODUCT_NAME = "$(TARGET_NAME)";
				SWIFT_EMIT_LOC_STRINGS = NO;
				SWIFT_VERSION = 5.0;
				TARGETED_DEVICE_FAMILY = "1,2";
				TEST_HOST = "$(BUILT_PRODUCTS_DIR)/WeatherApp.app/WeatherApp";
			};
			name = Debug;
		};
		B2F71F722A62953D0094DE85 /* Release */ = {
			isa = XCBuildConfiguration;
			buildSettings = {
				ALWAYS_EMBED_SWIFT_STANDARD_LIBRARIES = YES;
				BUNDLE_LOADER = "$(TEST_HOST)";
				CODE_SIGN_STYLE = Automatic;
				CURRENT_PROJECT_VERSION = 1;
				GENERATE_INFOPLIST_FILE = YES;
				IPHONEOS_DEPLOYMENT_TARGET = 15.5;
				MARKETING_VERSION = 1.0;
				PRODUCT_BUNDLE_IDENTIFIER = com.BenLapidge.WeatherAppTests;
				PRODUCT_NAME = "$(TARGET_NAME)";
				SWIFT_EMIT_LOC_STRINGS = NO;
				SWIFT_VERSION = 5.0;
				TARGETED_DEVICE_FAMILY = "1,2";
				TEST_HOST = "$(BUILT_PRODUCTS_DIR)/WeatherApp.app/WeatherApp";
			};
			name = Release;
		};
		B2F71F742A62953D0094DE85 /* Debug */ = {
			isa = XCBuildConfiguration;
			buildSettings = {
				ALWAYS_EMBED_SWIFT_STANDARD_LIBRARIES = YES;
				CODE_SIGN_STYLE = Automatic;
				CURRENT_PROJECT_VERSION = 1;
				GENERATE_INFOPLIST_FILE = YES;
				MARKETING_VERSION = 1.0;
				PRODUCT_BUNDLE_IDENTIFIER = com.BenLapidge.WeatherAppUITests;
				PRODUCT_NAME = "$(TARGET_NAME)";
				SWIFT_EMIT_LOC_STRINGS = NO;
				SWIFT_VERSION = 5.0;
				TARGETED_DEVICE_FAMILY = "1,2";
				TEST_TARGET_NAME = WeatherApp;
			};
			name = Debug;
		};
		B2F71F752A62953D0094DE85 /* Release */ = {
			isa = XCBuildConfiguration;
			buildSettings = {
				ALWAYS_EMBED_SWIFT_STANDARD_LIBRARIES = YES;
				CODE_SIGN_STYLE = Automatic;
				CURRENT_PROJECT_VERSION = 1;
				GENERATE_INFOPLIST_FILE = YES;
				MARKETING_VERSION = 1.0;
				PRODUCT_BUNDLE_IDENTIFIER = com.BenLapidge.WeatherAppUITests;
				PRODUCT_NAME = "$(TARGET_NAME)";
				SWIFT_EMIT_LOC_STRINGS = NO;
				SWIFT_VERSION = 5.0;
				TARGETED_DEVICE_FAMILY = "1,2";
				TEST_TARGET_NAME = WeatherApp;
			};
			name = Release;
		};
/* End XCBuildConfiguration section */

/* Begin XCConfigurationList section */
		B2F71F3E2A6295360094DE85 /* Build configuration list for PBXProject "WeatherApp" */ = {
			isa = XCConfigurationList;
			buildConfigurations = (
				B2F71F6B2A62953D0094DE85 /* Debug */,
				B2F71F6C2A62953D0094DE85 /* Release */,
			);
			defaultConfigurationIsVisible = 0;
			defaultConfigurationName = Release;
		};
		B2F71F6D2A62953D0094DE85 /* Build configuration list for PBXNativeTarget "WeatherApp" */ = {
			isa = XCConfigurationList;
			buildConfigurations = (
				B2F71F6E2A62953D0094DE85 /* Debug */,
				B2F71F6F2A62953D0094DE85 /* Release */,
			);
			defaultConfigurationIsVisible = 0;
			defaultConfigurationName = Release;
		};
		B2F71F702A62953D0094DE85 /* Build configuration list for PBXNativeTarget "WeatherAppTests" */ = {
			isa = XCConfigurationList;
			buildConfigurations = (
				B2F71F712A62953D0094DE85 /* Debug */,
				B2F71F722A62953D0094DE85 /* Release */,
			);
			defaultConfigurationIsVisible = 0;
			defaultConfigurationName = Release;
		};
		B2F71F732A62953D0094DE85 /* Build configuration list for PBXNativeTarget "WeatherAppUITests" */ = {
			isa = XCConfigurationList;
			buildConfigurations = (
				B2F71F742A62953D0094DE85 /* Debug */,
				B2F71F752A62953D0094DE85 /* Release */,
			);
			defaultConfigurationIsVisible = 0;
			defaultConfigurationName = Release;
		};
/* End XCConfigurationList section */
	};
	rootObject = B2F71F3B2A6295360094DE85 /* Project object */;
}
